
Microsoft Visual Studio Solution File, Format Version 12.00
# Visual Studio Version 17
VisualStudioVersion = 17.1.32414.318
MinimumVisualStudioVersion = 10.0.40219.1
Project("{FAE04EC0-301F-11D3-BF4B-00C04F79EFBC}") = "WarehouseApp", "WarehouseApp\WarehouseApp.csproj", "{0DC9B3C4-9454-4523-A25E-9FC24DFDA7A4}"
EndProject
Project("{FAE04EC0-301F-11D3-BF4B-00C04F79EFBC}") = "WarehouseTest", "WarehouseTest\WarehouseTest.csproj", "{DDFACE58-A9BB-40A0-905F-71D02063FB8C}"
EndProject
Global
	GlobalSection(SolutionConfigurationPlatforms) = preSolution
		Debug|Any CPU = Debug|Any CPU
		Release|Any CPU = Release|Any CPU
	EndGlobalSection
	GlobalSection(ProjectConfigurationPlatforms) = postSolution
		{0DC9B3C4-9454-4523-A25E-9FC24DFDA7A4}.Debug|Any CPU.ActiveCfg = Debug|Any CPU
		{0DC9B3C4-9454-4523-A25E-9FC24DFDA7A4}.Debug|Any CPU.Build.0 = Debug|Any CPU
		{0DC9B3C4-9454-4523-A25E-9FC24DFDA7A4}.Release|Any CPU.ActiveCfg = Release|Any CPU
		{0DC9B3C4-9454-4523-A25E-9FC24DFDA7A4}.Release|Any CPU.Build.0 = Release|Any CPU
		{DDFACE58-A9BB-40A0-905F-71D02063FB8C}.Debug|Any CPU.ActiveCfg = Debug|Any CPU
		{DDFACE58-A9BB-40A0-905F-71D02063FB8C}.Debug|Any CPU.Build.0 = Debug|Any CPU
		{DDFACE58-A9BB-40A0-905F-71D02063FB8C}.Release|Any CPU.ActiveCfg = Release|Any CPU
		{DDFACE58-A9BB-40A0-905F-71D02063FB8C}.Release|Any CPU.Build.0 = Release|Any CPU
	EndGlobalSection
	GlobalSection(SolutionProperties) = preSolution
		HideSolutionNode = FALSE
	EndGlobalSection
	GlobalSection(ExtensibilityGlobals) = postSolution
		SolutionGuid = {161330B8-834D-409A-8806-C76C700A324A}
	EndGlobalSection
EndGlobal
